
Microsoft Visual Studio Solution File, Format Version 12.00
# Visual Studio Version 17
VisualStudioVersion = 17.10.34928.147
MinimumVisualStudioVersion = 10.0.40219.1
Project("{FAE04EC0-301F-11D3-BF4B-00C04F79EFBC}") = "Domain", "Data\Domain.csproj", "{517628E1-2182-4D04-822B-1BD607DC9E87}"
EndProject
Project("{FAE04EC0-301F-11D3-BF4B-00C04F79EFBC}") = "Presentation", "Presentation\Presentation.csproj", "{56645884-B805-4A86-953A-B77B9E2D0830}"
EndProject
Project("{FAE04EC0-301F-11D3-BF4B-00C04F79EFBC}") = "Services", "Services\Services.csproj", "{10C80730-3927-479A-8F72-3276750727B3}"
EndProject
Global
	GlobalSection(SolutionConfigurationPlatforms) = preSolution
		Debug|Any CPU = Debug|Any CPU
		Release|Any CPU = Release|Any CPU
	EndGlobalSection
	GlobalSection(ProjectConfigurationPlatforms) = postSolution
		{517628E1-2182-4D04-822B-1BD607DC9E87}.Debug|Any CPU.ActiveCfg = Debug|Any CPU
		{517628E1-2182-4D04-822B-1BD607DC9E87}.Debug|Any CPU.Build.0 = Debug|Any CPU
		{517628E1-2182-4D04-822B-1BD607DC9E87}.Release|Any CPU.ActiveCfg = Release|Any CPU
		{517628E1-2182-4D04-822B-1BD607DC9E87}.Release|Any CPU.Build.0 = Release|Any CPU
		{56645884-B805-4A86-953A-B77B9E2D0830}.Debug|Any CPU.ActiveCfg = Debug|Any CPU
		{56645884-B805-4A86-953A-B77B9E2D0830}.Debug|Any CPU.Build.0 = Debug|Any CPU
		{56645884-B805-4A86-953A-B77B9E2D0830}.Release|Any CPU.ActiveCfg = Release|Any CPU
		{56645884-B805-4A86-953A-B77B9E2D0830}.Release|Any CPU.Build.0 = Release|Any CPU
		{10C80730-3927-479A-8F72-3276750727B3}.Debug|Any CPU.ActiveCfg = Debug|Any CPU
		{10C80730-3927-479A-8F72-3276750727B3}.Debug|Any CPU.Build.0 = Debug|Any CPU
		{10C80730-3927-479A-8F72-3276750727B3}.Release|Any CPU.ActiveCfg = Release|Any CPU
		{10C80730-3927-479A-8F72-3276750727B3}.Release|Any CPU.Build.0 = Release|Any CPU
	EndGlobalSection
	GlobalSection(SolutionProperties) = preSolution
		HideSolutionNode = FALSE
	EndGlobalSection
	GlobalSection(ExtensibilityGlobals) = postSolution
		SolutionGuid = {33B1CE61-515E-41CC-90AA-7EE14B990E27}
	EndGlobalSection
EndGlobal
