
Microsoft Visual Studio Solution File, Format Version 12.00
# Visual Studio Version 17
VisualStudioVersion = 17.10.34928.147
MinimumVisualStudioVersion = 10.0.40219.1
Project("{FAE04EC0-301F-11D3-BF4B-00C04F79EFBC}") = "proyectoFinCurso", "proyectoFinCurso\proyectoFinCurso.csproj", "{726C6187-9893-4531-BB4F-D134B1B8898D}"
EndProject
Project("{FAE04EC0-301F-11D3-BF4B-00C04F79EFBC}") = "proyectoFinCurso.Data", "proyectoFinCurso.Data\proyectoFinCurso.Data.csproj", "{B061CCC0-8861-476D-9F85-38C66573AEB3}"
EndProject
Project("{FAE04EC0-301F-11D3-BF4B-00C04F79EFBC}") = "proyectoFinCurso.Logic", "proyectoFinCurso.Logic\proyectoFinCurso.Logic.csproj", "{3B7FC26A-0254-4B24-9190-E212F92C20D0}"
EndProject
Global
	GlobalSection(SolutionConfigurationPlatforms) = preSolution
		Debug|Any CPU = Debug|Any CPU
		Release|Any CPU = Release|Any CPU
	EndGlobalSection
	GlobalSection(ProjectConfigurationPlatforms) = postSolution
		{726C6187-9893-4531-BB4F-D134B1B8898D}.Debug|Any CPU.ActiveCfg = Debug|Any CPU
		{726C6187-9893-4531-BB4F-D134B1B8898D}.Debug|Any CPU.Build.0 = Debug|Any CPU
		{726C6187-9893-4531-BB4F-D134B1B8898D}.Release|Any CPU.ActiveCfg = Release|Any CPU
		{726C6187-9893-4531-BB4F-D134B1B8898D}.Release|Any CPU.Build.0 = Release|Any CPU
		{B061CCC0-8861-476D-9F85-38C66573AEB3}.Debug|Any CPU.ActiveCfg = Debug|Any CPU
		{B061CCC0-8861-476D-9F85-38C66573AEB3}.Debug|Any CPU.Build.0 = Debug|Any CPU
		{B061CCC0-8861-476D-9F85-38C66573AEB3}.Release|Any CPU.ActiveCfg = Release|Any CPU
		{B061CCC0-8861-476D-9F85-38C66573AEB3}.Release|Any CPU.Build.0 = Release|Any CPU
		{3B7FC26A-0254-4B24-9190-E212F92C20D0}.Debug|Any CPU.ActiveCfg = Debug|Any CPU
		{3B7FC26A-0254-4B24-9190-E212F92C20D0}.Debug|Any CPU.Build.0 = Debug|Any CPU
		{3B7FC26A-0254-4B24-9190-E212F92C20D0}.Release|Any CPU.ActiveCfg = Release|Any CPU
		{3B7FC26A-0254-4B24-9190-E212F92C20D0}.Release|Any CPU.Build.0 = Release|Any CPU
	EndGlobalSection
	GlobalSection(SolutionProperties) = preSolution
		HideSolutionNode = FALSE
	EndGlobalSection
	GlobalSection(ExtensibilityGlobals) = postSolution
		SolutionGuid = {33B1CE61-515E-41CC-90AA-7EE14B990E27}
	EndGlobalSection
EndGlobal
